# THIS IS AN AUTOGENERATED FILE. DO NOT EDIT THIS FILE DIRECTLY.
# yarn lockfile v1


"@fortawesome/fontawesome-free@^7.3.0":
  version "7.3.0"
  resolved "https://registry.yarnpkg.com/@fortawesome/fontawesome-free/-/fontawesome-free-7.3.0.tgz#c26db8baad037c5dff9d88980757cb5d90540d8a"
  integrity sha512-Yw4Qa43P6e4Xwh0TwEUkHQNRJInWaqIBo73VJmns3j2AIlZPAvUcR4yGIxCPqPRCgyJ5KIVIalF/I1GxhZ/Kgw==

reveal.js@^6.0.0:
  version "6.0.0"
  resolved "https://registry.yarnpkg.com/reveal.js/-/reveal.js-6.0.0.tgz#e25f68e08510084be446dd2750c13a89619a3f9a"
  integrity sha512-RayDr1FL3Jglnf6p9xHGJ0U18va96PiuLs/JHnd1cdDOXvC+3lsXKe6ujl7PX0pvnhNW2Tpqnr6PEKpJVO2exw==
